// !$*UTF8*$!
{
	archiveVersion = 1;
	classes = {
	};
	objectVersion = 46;
	objects = {

/* Begin PBXBuildFile section */
		A2941D8C1CA534B00099D36C /* main.m in Sources */ = {isa = PBXBuildFile; fileRef = A2941D8B1CA534B00099D36C /* main.m */; };
		A2941D8F1CA534B00099D36C /* AppDelegate.m in Sources */ = {isa = PBXBuildFile; fileRef = A2941D8E1CA534B00099D36C /* AppDelegate.m */; };
		A2941D971CA534B00099D36C /* Assets.xcassets in Resources */ = {isa = PBXBuildFile; fileRef = A2941D961CA534B00099D36C /* Assets.xcassets */; };
		A2941DA71CA534E70099D36C /* LineColor.m in Sources */ = {isa = PBXBuildFile; fileRef = A2941DA21CA534E70099D36C /* LineColor.m */; };
		A2941DA81CA534E70099D36C /* MainView.m in Sources */ = {isa = PBXBuildFile; fileRef = A2941DA41CA534E70099D36C /* MainView.m */; };
		A2941DA91CA534E70099D36C /* ViewController.m in Sources */ = {isa = PBXBuildFile; fileRef = A2941DA61CA534E70099D36C /* ViewController.m */; };
		A2941DAB1CA535180099D36C /* Main.storyboard in Resources */ = {isa = PBXBuildFile; fileRef = A2941DAA1CA535180099D36C /* Main.storyboard */; };
		A2941DAD1CA535630099D36C /* LaunchScreen.xib in Resources */ = {isa = PBXBuildFile; fileRef = A2941DAC1CA535630099D36C /* LaunchScreen.xib */; };
/* End PBXBuildFile section */

/* Begin PBXFileReference section */
		A2941D871CA534B00099D36C /* The-earth-and-moon.app */ = {isa = PBXFileReference; explicitFileType = wrapper.application; includeInIndex = 0; path = "The-earth-and-moon.app"; sourceTree = BUILT_PRODUCTS_DIR; };
		A2941D8B1CA534B00099D36C /* main.m */ = {isa = PBXFileReference; lastKnownFileType = sourcecode.c.objc; path = main.m; sourceTree = "<group>"; };
		A2941D8D1CA534B00099D36C /* AppDelegate.h */ = {isa = PBXFileReference; lastKnownFileType = sourcecode.c.h; path = AppDelegate.h; sourceTree = "<group>"; };
		A2941D8E1CA534B00099D36C /* AppDelegate.m */ = {isa = PBXFileReference; lastKnownFileType = sourcecode.c.objc; path = AppDelegate.m; sourceTree = "<group>"; };
		A2941D961CA534B00099D36C /* Assets.xcassets */ = {isa = PBXFileReference; lastKnownFileType = folder.assetcatalog; path = Assets.xcassets; sourceTree = "<group>"; };
		A2941D9B1CA534B00099D36C /* Info.plist */ = {isa = PBXFileReference; lastKnownFileType = text.plist.xml; path = Info.plist; sourceTree = "<group>"; };
		A2941DA11CA534E70099D36C /* LineColor.h */ = {isa = PBXFileReference; fileEncoding = 4; lastKnownFileType = sourcecode.c.h; path = LineColor.h; sourceTree = "<group>"; };
		A2941DA21CA534E70099D36C /* LineColor.m */ = {isa = PBXFileReference; fileEncoding = 4; lastKnownFileType = sourcecode.c.objc; path = LineColor.m; sourceTree = "<group>"; };
		A2941DA31CA534E70099D36C /* MainView.h */ = {isa = PBXFileReference; fileEncoding = 4; lastKnownFileType = sourcecode.c.h; path = MainView.h; sourceTree = "<group>"; };
		A2941DA41CA534E70099D36C /* MainView.m */ = {isa = PBXFileReference; fileEncoding = 4; lastKnownFileType = sourcecode.c.objc; path = MainView.m; sourceTree = "<group>"; };
		A2941DA51CA534E70099D36C /* ViewController.h */ = {isa = PBXFileReference; fileEncoding = 4; lastKnownFileType = sourcecode.c.h; path = ViewController.h; sourceTree = "<group>"; };
		A2941DA61CA534E70099D36C /* ViewController.m */ = {isa = PBXFileReference; fileEncoding = 4; lastKnownFileType = sourcecode.c.objc; path = ViewController.m; sourceTree = "<group>"; };
		A2941DAA1CA535180099D36C /* Main.storyboard */ = {isa = PBXFileReference; fileEncoding = 4; lastKnownFileType = file.storyboard; path = Main.storyboard; sourceTree = "<group>"; };
		A2941DAC1CA535630099D36C /* LaunchScreen.xib */ = {isa = PBXFileReference; fileEncoding = 4; lastKnownFileType = file.xib; path = LaunchScreen.xib; sourceTree = "<group>"; };
/* End PBXFileReference section */

/* Begin PBXFrameworksBuildPhase section */
		A2941D841CA534B00099D36C /* Frameworks */ = {
			isa = PBXFrameworksBuildPhase;
			buildActionMask = 2147483647;
			files = (
			);
			runOnlyForDeploymentPostprocessing = 0;
		};
/* End PBXFrameworksBuildPhase section */

/* Begin PBXGroup section */
		A2941D7E1CA534B00099D36C = {
			isa = PBXGroup;
			children = (
				A2941D891CA534B00099D36C /* The-earth-and-moon */,
				A2941D881CA534B00099D36C /* Products */,
			);
			sourceTree = "<group>";
		};
		A2941D881CA534B00099D36C /* Products */ = {
			isa = PBXGroup;
			children = (
				A2941D871CA534B00099D36C /* The-earth-and-moon.app */,
			);
			name = Products;
			sourceTree = "<group>";
		};
		A2941D891CA534B00099D36C /* The-earth-and-moon */ = {
			isa = PBXGroup;
			children = (
				A2941D8D1CA534B00099D36C /* AppDelegate.h */,
				A2941D8E1CA534B00099D36C /* AppDelegate.m */,
				A2941DA11CA534E70099D36C /* LineColor.h */,
				A2941DA21CA534E70099D36C /* LineColor.m */,
				A2941DA31CA534E70099D36C /* MainView.h */,
				A2941DA41CA534E70099D36C /* MainView.m */,
				A2941DA51CA534E70099D36C /* ViewController.h */,
				A2941DA61CA534E70099D36C /* ViewController.m */,
				A2941DAA1CA535180099D36C /* Main.storyboard */,
				A2941DAC1CA535630099D36C /* LaunchScreen.xib */,
				A2941D961CA534B00099D36C /* Assets.xcassets */,
				A2941D9B1CA534B00099D36C /* Info.plist */,
				A2941D8A1CA534B00099D36C /* Supporting Files */,
			);
			path = "The-earth-and-moon";
			sourceTree = "<group>";
		};
		A2941D8A1CA534B00099D36C /* Supporting Files */ = {
			isa = PBXGroup;
			children = (
				A2941D8B1CA534B00099D36C /* main.m */,
			);
			name = "Supporting Files";
			sourceTree = "<group>";
		};
/* End PBXGroup section */

/* Begin PBXNativeTarget section */
		A2941D861CA534B00099D36C /* The-earth-and-moon */ = {
			isa = PBXNativeTarget;
			buildConfigurationList = A2941D9E1CA534B00099D36C /* Build configuration list for PBXNativeTarget "The-earth-and-moon" */;
			buildPhases = (
				A2941D831CA534B00099D36C /* Sources */,
				A2941D841CA534B00099D36C /* Frameworks */,
				A2941D851CA534B00099D36C /* Resources */,
			);
			buildRules = (
			);
			dependencies = (
			);
			name = "The-earth-and-moon";
			productName = "The-earth-and-moon";
			productReference = A2941D871CA534B00099D36C /* The-earth-and-moon.app */;
			productType = "com.apple.product-type.application";
		};
/* End PBXNativeTarget section */

/* Begin PBXProject section */
		A2941D7F1CA534B00099D36C /* Project object */ = {
			isa = PBXProject;
			attributes = {
				LastUpgradeCheck = 0730;
				ORGANIZATIONNAME = suger;
				TargetAttributes = {
					A2941D861CA534B00099D36C = {
						CreatedOnToolsVersion = 7.3;
						DevelopmentTeam = 4CAJ7C5XX7;
					};
				};
			};
			buildConfigurationList = A2941D821CA534B00099D36C /* Build configuration list for PBXProject "The-earth-and-moon" */;
			compatibilityVersion = "Xcode 3.2";
			developmentRegion = English;
			hasScannedForEncodings = 0;
			knownRegions = (
				en,
				Base,
			);
			mainGroup = A2941D7E1CA534B00099D36C;
			productRefGroup = A2941D881CA534B00099D36C /* Products */;
			projectDirPath = "";
			projectRoot = "";
			targets = (
				A2941D861CA534B00099D36C /* The-earth-and-moon */,
			);
		};
/* End PBXProject section */

/* Begin PBXResourcesBuildPhase section */
		A2941D851CA534B00099D36C /* Resources */ = {
			isa = PBXResourcesBuildPhase;
			buildActionMask = 2147483647;
			files = (
				A2941DAB1CA535180099D36C /* Main.storyboard in Resources */,
				A2941DAD1CA535630099D36C /* LaunchScreen.xib in Resources */,
				A2941D971CA534B00099D36C /* Assets.xcassets in Resources */,
			);
			runOnlyForDeploymentPostprocessing = 0;
		};
/* End PBXResourcesBuildPhase section */

/* Begin PBXSourcesBuildPhase section */
		A2941D831CA534B00099D36C /* Sources */ = {
			isa = PBXSourcesBuildPhase;
			buildActionMask = 2147483647;
			files = (
				A2941D8F1CA534B00099D36C /* AppDelegate.m in Sources */,
				A2941DA81CA534E70099D36C /* MainView.m in Sources */,
				A2941DA71CA534E70099D36C /* LineColor.m in Sources */,
				A2941D8C1CA534B00099D36C /* main.m in Sources */,
				A2941DA91CA534E70099D36C /* ViewController.m in Sources */,
			);
			runOnlyForDeploymentPostprocessing = 0;
		};
/* End PBXSourcesBuildPhase section */

/* Begin XCBuildConfiguration section */
		A2941D9C1CA534B00099D36C /* Debug */ = {
			isa = XCBuildConfiguration;
			buildSettings = {
				ALWAYS_SEARCH_USER_PATHS = NO;
				CLANG_ANALYZER_NONNULL = YES;
				CLANG_CXX_LANGUAGE_STANDARD = "gnu++0x";
				CLANG_CXX_LIBRARY = "libc++";
				CLANG_ENABLE_MODULES = YES;
				CLANG_ENABLE_OBJC_ARC = YES;
				CLANG_WARN_BOOL_CONVERSION = YES;
				CLANG_WARN_CONSTANT_CONVERSION = YES;
				CLANG_WARN_DIRECT_OBJC_ISA_USAGE = YES_ERROR;
				CLANG_WARN_EMPTY_BODY = YES;
				CLANG_WARN_ENUM_CONVERSION = YES;
				CLANG_WARN_INT_CONVERSION = YES;
				CLANG_WARN_OBJC_ROOT_CLASS = YES_ERROR;
				CLANG_WARN_UNREACHABLE_CODE = YES;
				CLANG_WARN__DUPLICATE_METHOD_MATCH = YES;
				"CODE_SIGN_IDENTITY[sdk=iphoneos*]" = "iPhone Developer";
				COPY_PHASE_STRIP = NO;
				DEBUG_INFORMATION_FORMAT = dwarf;
				ENABLE_STRICT_OBJC_MSGSEND = YES;
				ENABLE_TESTABILITY = YES;
				GCC_C_LANGUAGE_STANDARD = gnu99;
				GCC_DYNAMIC_NO_PIC = NO;
				GCC_NO_COMMON_BLOCKS = YES;
				GCC_OPTIMIZATION_LEVEL = 0;
				GCC_PREPROCESSOR_DEFINITIONS = (
					"DEBUG=1",
					"$(inherited)",
				);
				GCC_WARN_64_TO_32_BIT_CONVERSION = YES;
				GCC_WARN_ABOUT_RETURN_TYPE = YES_ERROR;
				GCC_WARN_UNDECLARED_SELECTOR = YES;
				GCC_WARN_UNINITIALIZED_AUTOS = YES_AGGRESSIVE;
				GCC_WARN_UNUSED_FUNCTION = YES;
				GCC_WARN_UNUSED_VARIABLE = YES;
				IPHONEOS_DEPLOYMENT_TARGET = 9.3;
				MTL_ENABLE_DEBUG_INFO = YES;
				ONLY_ACTIVE_ARCH = YES;
				SDKROOT = iphoneos;
				TARGETED_DEVICE_FAMILY = "1,2";
			};
			name = Debug;
		};
		A2941D9D1CA534B00099D36C /* Release */ = {
			isa = XCBuildConfiguration;
			buildSettings = {
				ALWAYS_SEARCH_USER_PATHS = NO;
				CLANG_ANALYZER_NONNULL = YES;
				CLANG_CXX_LANGUAGE_STANDARD = "gnu++0x";
				CLANG_CXX_LIBRARY = "libc++";
				CLANG_ENABLE_MODULES = YES;
				CLANG_ENABLE_OBJC_ARC = YES;
				CLANG_WARN_BOOL_CONVERSION = YES;
				CLANG_WARN_CONSTANT_CONVERSION = YES;
				CLANG_WARN_DIRECT_OBJC_ISA_USAGE = YES_ERROR;
				CLANG_WARN_EMPTY_BODY = YES;
				CLANG_WARN_ENUM_CONVERSION = YES;
				CLANG_WARN_INT_CONVERSION = YES;
				CLANG_WARN_OBJC_ROOT_CLASS = YES_ERROR;
				CLANG_WARN_UNREACHABLE_CODE = YES;
				CLANG_WARN__DUPLICATE_METHOD_MATCH = YES;
				"CODE_SIGN_IDENTITY[sdk=iphoneos*]" = "iPhone Developer";
				COPY_PHASE_STRIP = NO;
				DEBUG_INFORMATION_FORMAT = "dwarf-with-dsym";
				ENABLE_NS_ASSERTIONS = NO;
				ENABLE_STRICT_OBJC_MSGSEND = YES;
				GCC_C_LANGUAGE_STANDARD = gnu99;
				GCC_NO_COMMON_BLOCKS = YES;
				GCC_WARN_64_TO_32_BIT_CONVERSION = YES;
				GCC_WARN_ABOUT_RETURN_TYPE = YES_ERROR;
				GCC_WARN_UNDECLARED_SELECTOR = YES;
				GCC_WARN_UNINITIALIZED_AUTOS = YES_AGGRESSIVE;
				GCC_WARN_UNUSED_FUNCTION = YES;
				GCC_WARN_UNUSED_VARIABLE = YES;
				IPHONEOS_DEPLOYMENT_TARGET = 9.3;
				MTL_ENABLE_DEBUG_INFO = NO;
				SDKROOT = iphoneos;
				TARGETED_DEVICE_FAMILY = "1,2";
				VALIDATE_PRODUCT = YES;
			};
			name = Release;
		};
		A2941D9F1CA534B00099D36C /* Debug */ = {
			isa = XCBuildConfiguration;
			buildSettings = {
				ASSETCATALOG_COMPILER_APPICON_NAME = AppIcon;
				INFOPLIST_FILE = "The-earth-and-moon/Info.plist";
				LD_RUNPATH_SEARCH_PATHS = "$(inherited) @executable_path/Frameworks";
				PRODUCT_BUNDLE_IDENTIFIER = "com.suger.The-earth-and-moon";
				PRODUCT_NAME = "$(TARGET_NAME)";
			};
			name = Debug;
		};
		A2941DA01CA534B00099D36C /* Release */ = {
			isa = XCBuildConfiguration;
			buildSettings = {
				ASSETCATALOG_COMPILER_APPICON_NAME = AppIcon;
				INFOPLIST_FILE = "The-earth-and-moon/Info.plist";
				LD_RUNPATH_SEARCH_PATHS = "$(inherited) @executable_path/Frameworks";
				PRODUCT_BUNDLE_IDENTIFIER = "com.suger.The-earth-and-moon";
				PRODUCT_NAME = "$(TARGET_NAME)";
			};
			name = Release;
		};
/* End XCBuildConfiguration section */

/* Begin XCConfigurationList section */
		A2941D821CA534B00099D36C /* Build configuration list for PBXProject "The-earth-and-moon" */ = {
			isa = XCConfigurationList;
			buildConfigurations = (
				A2941D9C1CA534B00099D36C /* Debug */,
				A2941D9D1CA534B00099D36C /* Release */,
			);
			defaultConfigurationIsVisible = 0;
			defaultConfigurationName = Release;
		};
		A2941D9E1CA534B00099D36C /* Build configuration list for PBXNativeTarget "The-earth-and-moon" */ = {
			isa = XCConfigurationList;
			buildConfigurations = (
				A2941D9F1CA534B00099D36C /* Debug */,
				A2941DA01CA534B00099D36C /* Release */,
			);
			defaultConfigurationIsVisible = 0;
		};
/* End XCConfigurationList section */
	};
	rootObject = A2941D7F1CA534B00099D36C /* Project object */;
}
